
Microsoft Visual Studio Solution File, Format Version 12.00
# Visual Studio Version 16
VisualStudioVersion = 16.0.29709.97
MinimumVisualStudioVersion = 10.0.40219.1
Project("{9A19103F-16F7-4668-BE54-9A1E7A4F7556}") = "RunInSession", "RunInSession.csproj", "{B16DB42D-DCDD-4080-B049-0C4A72A649E1}"
EndProject
Global
	GlobalSection(SolutionConfigurationPlatforms) = preSolution
		Debug|Any CPU = Debug|Any CPU
		Release|Any CPU = Release|Any CPU
	EndGlobalSection
	GlobalSection(ProjectConfigurationPlatforms) = postSolution
		{B16DB42D-DCDD-4080-B049-0C4A72A649E1}.Debug|Any CPU.ActiveCfg = Debug|Any CPU
		{B16DB42D-DCDD-4080-B049-0C4A72A649E1}.Debug|Any CPU.Build.0 = Debug|Any CPU
		{B16DB42D-DCDD-4080-B049-0C4A72A649E1}.Release|Any CPU.ActiveCfg = Release|Any CPU
		{B16DB42D-DCDD-4080-B049-0C4A72A649E1}.Release|Any CPU.Build.0 = Release|Any CPU
	EndGlobalSection
	GlobalSection(SolutionProperties) = preSolution
		HideSolutionNode = FALSE
	EndGlobalSection
	GlobalSection(ExtensibilityGlobals) = postSolution
		SolutionGuid = {6C528830-E202-487B-BFE0-B8EEDFD1391B}
	EndGlobalSection
EndGlobal
